
Microsoft Visual Studio Solution File, Format Version 12.00
# Visual Studio Version 17
VisualStudioVersion = 17.5.33627.172
MinimumVisualStudioVersion = 10.0.40219.1
Project("{FAE04EC0-301F-11D3-BF4B-00C04F79EFBC}") = "atividade-2-lara-021025", "atividade-2-lara-021025\atividade-2-lara-021025.csproj", "{8CFC828A-FA82-49AC-823C-2109195F0A00}"
EndProject
Global
	GlobalSection(SolutionConfigurationPlatforms) = preSolution
		Debug|Any CPU = Debug|Any CPU
		Release|Any CPU = Release|Any CPU
	EndGlobalSection
	GlobalSection(ProjectConfigurationPlatforms) = postSolution
		{8CFC828A-FA82-49AC-823C-2109195F0A00}.Debug|Any CPU.ActiveCfg = Debug|Any CPU
		{8CFC828A-FA82-49AC-823C-2109195F0A00}.Debug|Any CPU.Build.0 = Debug|Any CPU
		{8CFC828A-FA82-49AC-823C-2109195F0A00}.Release|Any CPU.ActiveCfg = Release|Any CPU
		{8CFC828A-FA82-49AC-823C-2109195F0A00}.Release|Any CPU.Build.0 = Release|Any CPU
	EndGlobalSection
	GlobalSection(SolutionProperties) = preSolution
		HideSolutionNode = FALSE
	EndGlobalSection
	GlobalSection(ExtensibilityGlobals) = postSolution
		SolutionGuid = {AB56AAFC-DF95-4C1A-84F7-E354AAFE3079}
	EndGlobalSection
EndGlobal
