
Microsoft Visual Studio Solution File, Format Version 12.00
# Visual Studio Version 17
VisualStudioVersion = 17.5.33627.172
MinimumVisualStudioVersion = 10.0.40219.1
Project("{FAE04EC0-301F-11D3-BF4B-00C04F79EFBC}") = "atividade-10-lara-021025", "atividade-10-lara-021025\atividade-10-lara-021025.csproj", "{FD43AAFE-9C70-4720-8A66-B863FCD0060B}"
EndProject
Global
	GlobalSection(SolutionConfigurationPlatforms) = preSolution
		Debug|Any CPU = Debug|Any CPU
		Release|Any CPU = Release|Any CPU
	EndGlobalSection
	GlobalSection(ProjectConfigurationPlatforms) = postSolution
		{FD43AAFE-9C70-4720-8A66-B863FCD0060B}.Debug|Any CPU.ActiveCfg = Debug|Any CPU
		{FD43AAFE-9C70-4720-8A66-B863FCD0060B}.Debug|Any CPU.Build.0 = Debug|Any CPU
		{FD43AAFE-9C70-4720-8A66-B863FCD0060B}.Release|Any CPU.ActiveCfg = Release|Any CPU
		{FD43AAFE-9C70-4720-8A66-B863FCD0060B}.Release|Any CPU.Build.0 = Release|Any CPU
	EndGlobalSection
	GlobalSection(SolutionProperties) = preSolution
		HideSolutionNode = FALSE
	EndGlobalSection
	GlobalSection(ExtensibilityGlobals) = postSolution
		SolutionGuid = {6C2422A1-4B77-4D75-A72E-3772438E5877}
	EndGlobalSection
EndGlobal
