
Microsoft Visual Studio Solution File, Format Version 12.00
# Visual Studio Version 17
VisualStudioVersion = 17.5.33627.172
MinimumVisualStudioVersion = 10.0.40219.1
Project("{FAE04EC0-301F-11D3-BF4B-00C04F79EFBC}") = "atividade-8-lara-021025", "atividade-8-lara-021025\atividade-8-lara-021025.csproj", "{3A78600A-3508-4D24-8F0E-C0FC074DD1FA}"
EndProject
Global
	GlobalSection(SolutionConfigurationPlatforms) = preSolution
		Debug|Any CPU = Debug|Any CPU
		Release|Any CPU = Release|Any CPU
	EndGlobalSection
	GlobalSection(ProjectConfigurationPlatforms) = postSolution
		{3A78600A-3508-4D24-8F0E-C0FC074DD1FA}.Debug|Any CPU.ActiveCfg = Debug|Any CPU
		{3A78600A-3508-4D24-8F0E-C0FC074DD1FA}.Debug|Any CPU.Build.0 = Debug|Any CPU
		{3A78600A-3508-4D24-8F0E-C0FC074DD1FA}.Release|Any CPU.ActiveCfg = Release|Any CPU
		{3A78600A-3508-4D24-8F0E-C0FC074DD1FA}.Release|Any CPU.Build.0 = Release|Any CPU
	EndGlobalSection
	GlobalSection(SolutionProperties) = preSolution
		HideSolutionNode = FALSE
	EndGlobalSection
	GlobalSection(ExtensibilityGlobals) = postSolution
		SolutionGuid = {57A16E77-B118-4136-9F3B-AC375F4B0403}
	EndGlobalSection
EndGlobal
